
Microsoft Visual Studio Solution File, Format Version 12.00
# Visual Studio Version 17
VisualStudioVersion = 17.11.35219.272
MinimumVisualStudioVersion = 10.0.40219.1
Project("{FAE04EC0-301F-11D3-BF4B-00C04F79EFBC}") = "WindowsFormsApp1", "WindowsFormsApp1\WindowsFormsApp1.csproj", "{B1C250CA-8594-4636-ABF0-C81276B2FA83}"
EndProject
Global
	GlobalSection(SolutionConfigurationPlatforms) = preSolution
		Debug|Any CPU = Debug|Any CPU
		Release|Any CPU = Release|Any CPU
	EndGlobalSection
	GlobalSection(ProjectConfigurationPlatforms) = postSolution
		{B1C250CA-8594-4636-ABF0-C81276B2FA83}.Debug|Any CPU.ActiveCfg = Debug|Any CPU
		{B1C250CA-8594-4636-ABF0-C81276B2FA83}.Debug|Any CPU.Build.0 = Debug|Any CPU
		{B1C250CA-8594-4636-ABF0-C81276B2FA83}.Release|Any CPU.ActiveCfg = Release|Any CPU
		{B1C250CA-8594-4636-ABF0-C81276B2FA83}.Release|Any CPU.Build.0 = Release|Any CPU
	EndGlobalSection
	GlobalSection(SolutionProperties) = preSolution
		HideSolutionNode = FALSE
	EndGlobalSection
	GlobalSection(ExtensibilityGlobals) = postSolution
		SolutionGuid = {E2C5D4F6-86EE-4D68-93C4-8C2601B48043}
	EndGlobalSection
EndGlobal
